
Microsoft Visual Studio Solution File, Format Version 12.00
# Visual Studio Version 18
VisualStudioVersion = 18.0.11205.157
MinimumVisualStudioVersion = 10.0.40219.1
Project("{FAE04EC0-301F-11D3-BF4B-00C04F79EFBC}") = "BankingSystem.API", "src\BankingSystem.API\BankingSystem.API.csproj", "{943ED1A1-D88E-8B01-1805-9264DD17BF37}"
EndProject
Project("{FAE04EC0-301F-11D3-BF4B-00C04F79EFBC}") = "BankingSystem.Application", "src\BankingSystem.Application\BankingSystem.Application.csproj", "{9AF1C0EF-D706-3209-5112-C1A113952F67}"
EndProject
Project("{FAE04EC0-301F-11D3-BF4B-00C04F79EFBC}") = "BankingSystem.Domain", "src\BankingSystem.Domain\BankingSystem.Domain.csproj", "{18D43D3B-A42D-34BD-5621-54027F179206}"
EndProject
Project("{FAE04EC0-301F-11D3-BF4B-00C04F79EFBC}") = "BankingSystem.Infrastructure", "src\BankingSystem.Infrastructure\BankingSystem.Infrastructure.csproj", "{56C808B7-E381-AF6B-80DE-47C45CEB8934}"
EndProject
Project("{2150E333-8FDC-42A3-9474-1A3956D46DE8}") = "src", "src", "{1E912991-98E4-4EF4-9C03-58413D5FB13B}"
EndProject
Project("{2150E333-8FDC-42A3-9474-1A3956D46DE8}") = "tests", "tests", "{0B58923D-213A-4533-B339-74D2A3C3B779}"
EndProject
Project("{FAE04EC0-301F-11D3-BF4B-00C04F79EFBC}") = "BankingSystem.IntegrationTests", "tests\BankingSystem.IntegrationTests\BankingSystem.IntegrationTests.csproj", "{FD8F20FA-7364-24D8-8D4A-BBE06EBA2EA4}"
EndProject
Project("{FAE04EC0-301F-11D3-BF4B-00C04F79EFBC}") = "BankingSystem.Tests", "tests\BankingSystem.Tests\BankingSystem.Tests.csproj", "{9805182B-67CA-5D69-453E-DE27099DDCFB}"
EndProject
Project("{2150E333-8FDC-42A3-9474-1A3956D46DE8}") = "Solution Items", "Solution Items", "{4D14F801-508A-460E-BC0B-25759B0BD672}"
	ProjectSection(SolutionItems) = preProject
		.dockerignore = .dockerignore
		.env = .env
		.env.example = .env.example
		.gitignore = .gitignore
		CV-NguyenThanhDat-SoftwareEngineer.md = CV-NguyenThanhDat-SoftwareEngineer.md
		docker-compose.ci.yml = docker-compose.ci.yml
		docker-compose.production.yml = docker-compose.production.yml
		docker-compose.yml = docker-compose.yml
		README.md = README.md
		test-workflow.ps1 = test-workflow.ps1
	EndProjectSection
EndProject
Project("{2150E333-8FDC-42A3-9474-1A3956D46DE8}") = "docs", "docs", "{AF877FE9-4D5E-4043-8FF7-43A7322CB8FA}"
	ProjectSection(SolutionItems) = preProject
		docs\DEPLOYMENT-GUIDE.md = docs\DEPLOYMENT-GUIDE.md
		docs\MONITORING-GUIDE.md = docs\MONITORING-GUIDE.md
		docs\RATE-LIMITING-CONFIG.md = docs\RATE-LIMITING-CONFIG.md
		docs\SECRETS-MANAGEMENT.md = docs\SECRETS-MANAGEMENT.md
		docs\WORKFLOW-ARCHITECTURE.md = docs\WORKFLOW-ARCHITECTURE.md
	EndProjectSection
EndProject
Project("{2150E333-8FDC-42A3-9474-1A3956D46DE8}") = "k8s", "k8s", "{CCE72C61-5404-4CD4-A9E4-D37F1598475A}"
	ProjectSection(SolutionItems) = preProject
		k8s\deployment.yml = k8s\deployment.yml
	EndProjectSection
EndProject
Project("{2150E333-8FDC-42A3-9474-1A3956D46DE8}") = "monitoring", "monitoring", "{A6613316-EDA0-4AE8-B372-F5023442BF46}"
	ProjectSection(SolutionItems) = preProject
		monitoring\alertmanager.yml = monitoring\alertmanager.yml
		monitoring\grafana-dashboard.json = monitoring\grafana-dashboard.json
		monitoring\grafana-datasource.yml = monitoring\grafana-datasource.yml
		monitoring\prometheus.yml = monitoring\prometheus.yml
	EndProjectSection
EndProject
Project("{2150E333-8FDC-42A3-9474-1A3956D46DE8}") = "alerts", "alerts", "{893A938A-5305-4394-83E0-7C1281D425E3}"
	ProjectSection(SolutionItems) = preProject
		monitoring\alerts\banking-system-rules.yml = monitoring\alerts\banking-system-rules.yml
	EndProjectSection
EndProject
Project("{2150E333-8FDC-42A3-9474-1A3956D46DE8}") = "grafana", "grafana", "{103E7C15-EF9D-4D5E-A2C8-CA27C3C8C382}"
EndProject
Project("{2150E333-8FDC-42A3-9474-1A3956D46DE8}") = "dashboards", "dashboards", "{6A91ACDD-0BD3-426E-AB6D-0B447D75F1CF}"
	ProjectSection(SolutionItems) = preProject
		monitoring\grafana\dashboards\banking-system-overview.json = monitoring\grafana\dashboards\banking-system-overview.json
	EndProjectSection
EndProject
Project("{2150E333-8FDC-42A3-9474-1A3956D46DE8}") = "provisioning", "provisioning", "{6DCFAFAD-85CB-49EF-9035-A3569ABDB8D6}"
EndProject
Project("{2150E333-8FDC-42A3-9474-1A3956D46DE8}") = "dashboards", "dashboards", "{67095505-CE81-4027-BB80-7C6B7BDDF0AF}"
	ProjectSection(SolutionItems) = preProject
		monitoring\grafana\provisioning\dashboards\default.yaml = monitoring\grafana\provisioning\dashboards\default.yaml
	EndProjectSection
EndProject
Project("{2150E333-8FDC-42A3-9474-1A3956D46DE8}") = "datasources", "datasources", "{625273A7-34B3-4EB8-9B7D-D2C9801BF6AD}"
	ProjectSection(SolutionItems) = preProject
		monitoring\grafana\provisioning\datasources\prometheus.yaml = monitoring\grafana\provisioning\datasources\prometheus.yaml
	EndProjectSection
EndProject
Project("{2150E333-8FDC-42A3-9474-1A3956D46DE8}") = ".github", ".github", "{36EABF40-20B9-40A8-BD20-8B5AAC1A8F0B}"
	ProjectSection(SolutionItems) = preProject
		.github\SECRETS.md = .github\SECRETS.md
	EndProjectSection
EndProject
Project("{2150E333-8FDC-42A3-9474-1A3956D46DE8}") = "workflows", "workflows", "{7F039B7B-3986-4346-9031-1710E6AB09F4}"
	ProjectSection(SolutionItems) = preProject
		.github\workflows\cd.yml = .github\workflows\cd.yml
		.github\workflows\ci.yml = .github\workflows\ci.yml
	EndProjectSection
EndProject
Project("{2150E333-8FDC-42A3-9474-1A3956D46DE8}") = "performance-tests", "performance-tests", "{31063F86-586C-42E0-8B5C-096680499658}"
	ProjectSection(SolutionItems) = preProject
		performance-tests\auth-load-test.js = performance-tests\auth-load-test.js
		performance-tests\load-test.js = performance-tests\load-test.js
		performance-tests\README.md = performance-tests\README.md
	EndProjectSection
EndProject
Global
	GlobalSection(SolutionConfigurationPlatforms) = preSolution
		Debug|Any CPU = Debug|Any CPU
		Release|Any CPU = Release|Any CPU
	EndGlobalSection
	GlobalSection(ProjectConfigurationPlatforms) = postSolution
		{943ED1A1-D88E-8B01-1805-9264DD17BF37}.Debug|Any CPU.ActiveCfg = Debug|Any CPU
		{943ED1A1-D88E-8B01-1805-9264DD17BF37}.Debug|Any CPU.Build.0 = Debug|Any CPU
		{943ED1A1-D88E-8B01-1805-9264DD17BF37}.Release|Any CPU.ActiveCfg = Release|Any CPU
		{943ED1A1-D88E-8B01-1805-9264DD17BF37}.Release|Any CPU.Build.0 = Release|Any CPU
		{9AF1C0EF-D706-3209-5112-C1A113952F67}.Debug|Any CPU.ActiveCfg = Debug|Any CPU
		{9AF1C0EF-D706-3209-5112-C1A113952F67}.Debug|Any CPU.Build.0 = Debug|Any CPU
		{9AF1C0EF-D706-3209-5112-C1A113952F67}.Release|Any CPU.ActiveCfg = Release|Any CPU
		{9AF1C0EF-D706-3209-5112-C1A113952F67}.Release|Any CPU.Build.0 = Release|Any CPU
		{18D43D3B-A42D-34BD-5621-54027F179206}.Debug|Any CPU.ActiveCfg = Debug|Any CPU
		{18D43D3B-A42D-34BD-5621-54027F179206}.Debug|Any CPU.Build.0 = Debug|Any CPU
		{18D43D3B-A42D-34BD-5621-54027F179206}.Release|Any CPU.ActiveCfg = Release|Any CPU
		{18D43D3B-A42D-34BD-5621-54027F179206}.Release|Any CPU.Build.0 = Release|Any CPU
		{56C808B7-E381-AF6B-80DE-47C45CEB8934}.Debug|Any CPU.ActiveCfg = Debug|Any CPU
		{56C808B7-E381-AF6B-80DE-47C45CEB8934}.Debug|Any CPU.Build.0 = Debug|Any CPU
		{56C808B7-E381-AF6B-80DE-47C45CEB8934}.Release|Any CPU.ActiveCfg = Release|Any CPU
		{56C808B7-E381-AF6B-80DE-47C45CEB8934}.Release|Any CPU.Build.0 = Release|Any CPU
		{FD8F20FA-7364-24D8-8D4A-BBE06EBA2EA4}.Debug|Any CPU.ActiveCfg = Debug|Any CPU
		{FD8F20FA-7364-24D8-8D4A-BBE06EBA2EA4}.Debug|Any CPU.Build.0 = Debug|Any CPU
		{FD8F20FA-7364-24D8-8D4A-BBE06EBA2EA4}.Release|Any CPU.ActiveCfg = Release|Any CPU
		{FD8F20FA-7364-24D8-8D4A-BBE06EBA2EA4}.Release|Any CPU.Build.0 = Release|Any CPU
		{9805182B-67CA-5D69-453E-DE27099DDCFB}.Debug|Any CPU.ActiveCfg = Debug|Any CPU
		{9805182B-67CA-5D69-453E-DE27099DDCFB}.Debug|Any CPU.Build.0 = Debug|Any CPU
		{9805182B-67CA-5D69-453E-DE27099DDCFB}.Release|Any CPU.ActiveCfg = Release|Any CPU
		{9805182B-67CA-5D69-453E-DE27099DDCFB}.Release|Any CPU.Build.0 = Release|Any CPU
	EndGlobalSection
	GlobalSection(SolutionProperties) = preSolution
		HideSolutionNode = FALSE
	EndGlobalSection
	GlobalSection(NestedProjects) = preSolution
		{943ED1A1-D88E-8B01-1805-9264DD17BF37} = {1E912991-98E4-4EF4-9C03-58413D5FB13B}
		{9AF1C0EF-D706-3209-5112-C1A113952F67} = {1E912991-98E4-4EF4-9C03-58413D5FB13B}
		{18D43D3B-A42D-34BD-5621-54027F179206} = {1E912991-98E4-4EF4-9C03-58413D5FB13B}
		{56C808B7-E381-AF6B-80DE-47C45CEB8934} = {1E912991-98E4-4EF4-9C03-58413D5FB13B}
		{FD8F20FA-7364-24D8-8D4A-BBE06EBA2EA4} = {0B58923D-213A-4533-B339-74D2A3C3B779}
		{9805182B-67CA-5D69-453E-DE27099DDCFB} = {0B58923D-213A-4533-B339-74D2A3C3B779}
		{893A938A-5305-4394-83E0-7C1281D425E3} = {A6613316-EDA0-4AE8-B372-F5023442BF46}
		{103E7C15-EF9D-4D5E-A2C8-CA27C3C8C382} = {A6613316-EDA0-4AE8-B372-F5023442BF46}
		{6A91ACDD-0BD3-426E-AB6D-0B447D75F1CF} = {103E7C15-EF9D-4D5E-A2C8-CA27C3C8C382}
		{6DCFAFAD-85CB-49EF-9035-A3569ABDB8D6} = {103E7C15-EF9D-4D5E-A2C8-CA27C3C8C382}
		{67095505-CE81-4027-BB80-7C6B7BDDF0AF} = {6DCFAFAD-85CB-49EF-9035-A3569ABDB8D6}
		{625273A7-34B3-4EB8-9B7D-D2C9801BF6AD} = {6DCFAFAD-85CB-49EF-9035-A3569ABDB8D6}
		{7F039B7B-3986-4346-9031-1710E6AB09F4} = {36EABF40-20B9-40A8-BD20-8B5AAC1A8F0B}
	EndGlobalSection
	GlobalSection(ExtensibilityGlobals) = postSolution
		SolutionGuid = {D557F54A-E325-4878-8875-AFC3F188EC5E}
	EndGlobalSection
EndGlobal
